
Microsoft Visual Studio Solution File, Format Version 12.00
# Visual Studio 15
VisualStudioVersion = 15.0.28307.106
MinimumVisualStudioVersion = 10.0.40219.1
Project("{8BC9CEB8-8B4A-11D0-8D11-00A0C91BC942}") = "DataStructuresLib", "DataStructuresLib\DataStructuresLib.vcxproj", "{A00DF622-8077-44D0-9921-A8A56712D17A}"
EndProject
Project("{8BC9CEB8-8B4A-11D0-8D11-00A0C91BC942}") = "DataSrtucturesLibTests", "DataSrtucturesLibTests\DataSrtucturesLibTests.vcxproj", "{5C8C9577-490C-464F-91EA-3A5B8E1F27C3}"
EndProject
Global
	GlobalSection(SolutionConfigurationPlatforms) = preSolution
		Debug|x64 = Debug|x64
		Debug|x86 = Debug|x86
		Release|x64 = Release|x64
		Release|x86 = Release|x86
	EndGlobalSection
	GlobalSection(ProjectConfigurationPlatforms) = postSolution
		{A00DF622-8077-44D0-9921-A8A56712D17A}.Debug|x64.ActiveCfg = Debug|x64
		{A00DF622-8077-44D0-9921-A8A56712D17A}.Debug|x64.Build.0 = Debug|x64
		{A00DF622-8077-44D0-9921-A8A56712D17A}.Debug|x86.ActiveCfg = Debug|Win32
		{A00DF622-8077-44D0-9921-A8A56712D17A}.Debug|x86.Build.0 = Debug|Win32
		{A00DF622-8077-44D0-9921-A8A56712D17A}.Release|x64.ActiveCfg = Release|x64
		{A00DF622-8077-44D0-9921-A8A56712D17A}.Release|x64.Build.0 = Release|x64
		{A00DF622-8077-44D0-9921-A8A56712D17A}.Release|x86.ActiveCfg = Release|Win32
		{A00DF622-8077-44D0-9921-A8A56712D17A}.Release|x86.Build.0 = Release|Win32
		{5C8C9577-490C-464F-91EA-3A5B8E1F27C3}.Debug|x64.ActiveCfg = Debug|x64
		{5C8C9577-490C-464F-91EA-3A5B8E1F27C3}.Debug|x64.Build.0 = Debug|x64
		{5C8C9577-490C-464F-91EA-3A5B8E1F27C3}.Debug|x86.ActiveCfg = Debug|Win32
		{5C8C9577-490C-464F-91EA-3A5B8E1F27C3}.Debug|x86.Build.0 = Debug|Win32
		{5C8C9577-490C-464F-91EA-3A5B8E1F27C3}.Release|x64.ActiveCfg = Release|x64
		{5C8C9577-490C-464F-91EA-3A5B8E1F27C3}.Release|x64.Build.0 = Release|x64
		{5C8C9577-490C-464F-91EA-3A5B8E1F27C3}.Release|x86.ActiveCfg = Release|Win32
		{5C8C9577-490C-464F-91EA-3A5B8E1F27C3}.Release|x86.Build.0 = Release|Win32
	EndGlobalSection
	GlobalSection(SolutionProperties) = preSolution
		HideSolutionNode = FALSE
	EndGlobalSection
	GlobalSection(ExtensibilityGlobals) = postSolution
		SolutionGuid = {AECFDE6D-2516-4D14-9692-5056CD9AF7CE}
	EndGlobalSection
EndGlobal
